name: Test Nix Flakes project

on:
  workflow_call:
    secrets:
      github-token:
        required: true

jobs:
  update-flake-lock:
    name: Update flake.lock
    runs-on: ubuntu-22.04
    steps:
    - name: Checkout repository
      uses: actions/checkout@ac593985615ec2ede58e132d2e21d2b1cbd6127c # v3
      with:
        token: ${{ secrets.github-token }}

    - name: Install Nix
      uses: DeterminateSystems/nix-installer-action@main

    - name: Update flake.lock and push
      shell: bash
      run: |
        git config --global user.name "GitHub Actions"
        git config --global user.email "noreply@github.com"
        nix flake update --commit-lock-file
        git push
