name: Update flake.lock

on:
  workflow_call:
    inputs:
      inputs:
        description: Space separated list of flake inputs to be updated (defaults to all)
        type: string
        default: ""
        required: false
    secrets:
      github-token:
        required: true

jobs:
  update-flake-lock:
    name: Update flake.lock
    runs-on: ubuntu-24.04
    steps:
    - name: Checkout repository
      uses: actions/checkout@eef61447b9ff4aafe5dcd4e0bbf5d482be7e7871 # v4
      with:
        token: ${{ secrets.github-token }}

    - uses: cachix/install-nix-action@08dcb3a5e62fa31e2da3d490afc4176ef55ecd72 # v30
      with:
        github_access_token: ${{ secrets.github-token }}

    - name: Update flake.lock and push
      shell: bash
      env:
        INPUTS: ${{ inputs.inputs }}
      run: |
        git config --global user.name "GitHub Actions"
        git config --global user.email "noreply@github.com"
        nix flake update ${INPUTS} --commit-lock-file
        git push
